// !$*UTF8*$!
{
	archiveVersion = 1;
	classes = {
	};
	objectVersion = 56;
	objects = {

/* Begin PBXBuildFile section */
		0E29382D2BA288C900D5B398 /* main.cpp in Sources */ = {isa = PBXBuildFile; fileRef = 0E29382C2BA288C900D5B398 /* main.cpp */; };
		0E2938382BA3D92F00D5B398 /* main.cpp in Sources */ = {isa = PBXBuildFile; fileRef = 0E2938372BA3D92F00D5B398 /* main.cpp */; };
		0E33BC142BA58ACC0019182F /* main.cpp in Sources */ = {isa = PBXBuildFile; fileRef = 0E33BC132BA58ACC0019182F /* main.cpp */; };
		0E33BC1F2BA5CA1A0019182F /* main.cpp in Sources */ = {isa = PBXBuildFile; fileRef = 0E33BC1E2BA5CA1A0019182F /* main.cpp */; };
		0E33BC2A2BA6DDE20019182F /* main.cpp in Sources */ = {isa = PBXBuildFile; fileRef = 0E33BC292BA6DDE20019182F /* main.cpp */; };
		0EEF60822B9AAA7F003D9377 /* main.cpp in Sources */ = {isa = PBXBuildFile; fileRef = 0EEF60812B9AAA7F003D9377 /* main.cpp */; };
		0EEF60942BA1C969003D9377 /* main.cpp in Sources */ = {isa = PBXBuildFile; fileRef = 0EEF60932BA1C969003D9377 /* main.cpp */; };
/* End PBXBuildFile section */

/* Begin PBXCopyFilesBuildPhase section */
		0E2938282BA288C900D5B398 /* CopyFiles */ = {
			isa = PBXCopyFilesBuildPhase;
			buildActionMask = 2147483647;
			dstPath = /usr/share/man/man1/;
			dstSubfolderSpec = 0;
			files = (
			);
			runOnlyForDeploymentPostprocessing = 1;
		};
		0E2938332BA3D92F00D5B398 /* CopyFiles */ = {
			isa = PBXCopyFilesBuildPhase;
			buildActionMask = 2147483647;
			dstPath = /usr/share/man/man1/;
			dstSubfolderSpec = 0;
			files = (
			);
			runOnlyForDeploymentPostprocessing = 1;
		};
		0E33BC0F2BA58ACC0019182F /* CopyFiles */ = {
			isa = PBXCopyFilesBuildPhase;
			buildActionMask = 2147483647;
			dstPath = /usr/share/man/man1/;
			dstSubfolderSpec = 0;
			files = (
			);
			runOnlyForDeploymentPostprocessing = 1;
		};
		0E33BC1A2BA5CA1A0019182F /* CopyFiles */ = {
			isa = PBXCopyFilesBuildPhase;
			buildActionMask = 2147483647;
			dstPath = /usr/share/man/man1/;
			dstSubfolderSpec = 0;
			files = (
			);
			runOnlyForDeploymentPostprocessing = 1;
		};
		0E33BC252BA6DDE20019182F /* CopyFiles */ = {
			isa = PBXCopyFilesBuildPhase;
			buildActionMask = 2147483647;
			dstPath = /usr/share/man/man1/;
			dstSubfolderSpec = 0;
			files = (
			);
			runOnlyForDeploymentPostprocessing = 1;
		};
		0EEF607C2B9AAA7F003D9377 /* CopyFiles */ = {
			isa = PBXCopyFilesBuildPhase;
			buildActionMask = 2147483647;
			dstPath = /usr/share/man/man1/;
			dstSubfolderSpec = 0;
			files = (
			);
			runOnlyForDeploymentPostprocessing = 1;
		};
		0EEF608F2BA1C969003D9377 /* CopyFiles */ = {
			isa = PBXCopyFilesBuildPhase;
			buildActionMask = 2147483647;
			dstPath = /usr/share/man/man1/;
			dstSubfolderSpec = 0;
			files = (
			);
			runOnlyForDeploymentPostprocessing = 1;
		};
/* End PBXCopyFilesBuildPhase section */

/* Begin PBXFileReference section */
		0E29382A2BA288C900D5B398 /* 14.longestCommonPrefix */ = {isa = PBXFileReference; explicitFileType = "compiled.mach-o.executable"; includeInIndex = 0; path = 14.longestCommonPrefix; sourceTree = BUILT_PRODUCTS_DIR; };
		0E29382C2BA288C900D5B398 /* main.cpp */ = {isa = PBXFileReference; lastKnownFileType = sourcecode.cpp.cpp; path = main.cpp; sourceTree = "<group>"; };
		0E2938352BA3D92F00D5B398 /* 20.isValid */ = {isa = PBXFileReference; explicitFileType = "compiled.mach-o.executable"; includeInIndex = 0; path = 20.isValid; sourceTree = BUILT_PRODUCTS_DIR; };
		0E2938372BA3D92F00D5B398 /* main.cpp */ = {isa = PBXFileReference; lastKnownFileType = sourcecode.cpp.cpp; path = main.cpp; sourceTree = "<group>"; };
		0E33BC112BA58ACC0019182F /* 21.mergeTwoLists */ = {isa = PBXFileReference; explicitFileType = "compiled.mach-o.executable"; includeInIndex = 0; path = 21.mergeTwoLists; sourceTree = BUILT_PRODUCTS_DIR; };
		0E33BC132BA58ACC0019182F /* main.cpp */ = {isa = PBXFileReference; lastKnownFileType = sourcecode.cpp.cpp; path = main.cpp; sourceTree = "<group>"; };
		0E33BC1C2BA5CA1A0019182F /* 26.removeDuplicates */ = {isa = PBXFileReference; explicitFileType = "compiled.mach-o.executable"; includeInIndex = 0; path = 26.removeDuplicates; sourceTree = BUILT_PRODUCTS_DIR; };
		0E33BC1E2BA5CA1A0019182F /* main.cpp */ = {isa = PBXFileReference; lastKnownFileType = sourcecode.cpp.cpp; path = main.cpp; sourceTree = "<group>"; };
		0E33BC272BA6DDE20019182F /* 27.removeElement */ = {isa = PBXFileReference; explicitFileType = "compiled.mach-o.executable"; includeInIndex = 0; path = 27.removeElement; sourceTree = BUILT_PRODUCTS_DIR; };
		0E33BC292BA6DDE20019182F /* main.cpp */ = {isa = PBXFileReference; lastKnownFileType = sourcecode.cpp.cpp; path = main.cpp; sourceTree = "<group>"; };
		0EEF607E2B9AAA7F003D9377 /* leetcode */ = {isa = PBXFileReference; explicitFileType = "compiled.mach-o.executable"; includeInIndex = 0; path = leetcode; sourceTree = BUILT_PRODUCTS_DIR; };
		0EEF60812B9AAA7F003D9377 /* main.cpp */ = {isa = PBXFileReference; lastKnownFileType = sourcecode.cpp.cpp; path = main.cpp; sourceTree = "<group>"; };
		0EEF60912BA1C969003D9377 /* test */ = {isa = PBXFileReference; explicitFileType = "compiled.mach-o.executable"; includeInIndex = 0; path = test; sourceTree = BUILT_PRODUCTS_DIR; };
		0EEF60932BA1C969003D9377 /* main.cpp */ = {isa = PBXFileReference; lastKnownFileType = sourcecode.cpp.cpp; path = main.cpp; sourceTree = "<group>"; };
/* End PBXFileReference section */

/* Begin PBXFrameworksBuildPhase section */
		0E2938272BA288C900D5B398 /* Frameworks */ = {
			isa = PBXFrameworksBuildPhase;
			buildActionMask = 2147483647;
			files = (
			);
			runOnlyForDeploymentPostprocessing = 0;
		};
		0E2938322BA3D92F00D5B398 /* Frameworks */ = {
			isa = PBXFrameworksBuildPhase;
			buildActionMask = 2147483647;
			files = (
			);
			runOnlyForDeploymentPostprocessing = 0;
		};
		0E33BC0E2BA58ACC0019182F /* Frameworks */ = {
			isa = PBXFrameworksBuildPhase;
			buildActionMask = 2147483647;
			files = (
			);
			runOnlyForDeploymentPostprocessing = 0;
		};
		0E33BC192BA5CA1A0019182F /* Frameworks */ = {
			isa = PBXFrameworksBuildPhase;
			buildActionMask = 2147483647;
			files = (
			);
			runOnlyForDeploymentPostprocessing = 0;
		};
		0E33BC242BA6DDE20019182F /* Frameworks */ = {
			isa = PBXFrameworksBuildPhase;
			buildActionMask = 2147483647;
			files = (
			);
			runOnlyForDeploymentPostprocessing = 0;
		};
		0EEF607B2B9AAA7F003D9377 /* Frameworks */ = {
			isa = PBXFrameworksBuildPhase;
			buildActionMask = 2147483647;
			files = (
			);
			runOnlyForDeploymentPostprocessing = 0;
		};
		0EEF608E2BA1C969003D9377 /* Frameworks */ = {
			isa = PBXFrameworksBuildPhase;
			buildActionMask = 2147483647;
			files = (
			);
			runOnlyForDeploymentPostprocessing = 0;
		};
/* End PBXFrameworksBuildPhase section */

/* Begin PBXGroup section */
		0E29382B2BA288C900D5B398 /* 14.longestCommonPrefix */ = {
			isa = PBXGroup;
			children = (
				0E29382C2BA288C900D5B398 /* main.cpp */,
			);
			path = 14.longestCommonPrefix;
			sourceTree = "<group>";
		};
		0E2938362BA3D92F00D5B398 /* 20.isValid */ = {
			isa = PBXGroup;
			children = (
				0E2938372BA3D92F00D5B398 /* main.cpp */,
			);
			path = 20.isValid;
			sourceTree = "<group>";
		};
		0E33BC122BA58ACC0019182F /* 21.mergeTwoLists */ = {
			isa = PBXGroup;
			children = (
				0E33BC132BA58ACC0019182F /* main.cpp */,
			);
			path = 21.mergeTwoLists;
			sourceTree = "<group>";
		};
		0E33BC1D2BA5CA1A0019182F /* 26.removeDuplicates */ = {
			isa = PBXGroup;
			children = (
				0E33BC1E2BA5CA1A0019182F /* main.cpp */,
			);
			path = 26.removeDuplicates;
			sourceTree = "<group>";
		};
		0E33BC282BA6DDE20019182F /* 27.removeElement */ = {
			isa = PBXGroup;
			children = (
				0E33BC292BA6DDE20019182F /* main.cpp */,
			);
			path = 27.removeElement;
			sourceTree = "<group>";
		};
		0EEF60752B9AAA7F003D9377 = {
			isa = PBXGroup;
			children = (
				0EEF60922BA1C969003D9377 /* test */,
				0EEF60802B9AAA7F003D9377 /* 13.romanToInt */,
				0E29382B2BA288C900D5B398 /* 14.longestCommonPrefix */,
				0E2938362BA3D92F00D5B398 /* 20.isValid */,
				0E33BC122BA58ACC0019182F /* 21.mergeTwoLists */,
				0E33BC1D2BA5CA1A0019182F /* 26.removeDuplicates */,
				0E33BC282BA6DDE20019182F /* 27.removeElement */,
				0EEF607F2B9AAA7F003D9377 /* Products */,
			);
			sourceTree = "<group>";
		};
		0EEF607F2B9AAA7F003D9377 /* Products */ = {
			isa = PBXGroup;
			children = (
				0EEF607E2B9AAA7F003D9377 /* leetcode */,
				0EEF60912BA1C969003D9377 /* test */,
				0E29382A2BA288C900D5B398 /* 14.longestCommonPrefix */,
				0E2938352BA3D92F00D5B398 /* 20.isValid */,
				0E33BC112BA58ACC0019182F /* 21.mergeTwoLists */,
				0E33BC1C2BA5CA1A0019182F /* 26.removeDuplicates */,
				0E33BC272BA6DDE20019182F /* 27.removeElement */,
			);
			name = Products;
			sourceTree = "<group>";
		};
		0EEF60802B9AAA7F003D9377 /* 13.romanToInt */ = {
			isa = PBXGroup;
			children = (
				0EEF60812B9AAA7F003D9377 /* main.cpp */,
			);
			path = 13.romanToInt;
			sourceTree = "<group>";
		};
		0EEF60922BA1C969003D9377 /* test */ = {
			isa = PBXGroup;
			children = (
				0EEF60932BA1C969003D9377 /* main.cpp */,
			);
			path = test;
			sourceTree = "<group>";
		};
/* End PBXGroup section */

/* Begin PBXNativeTarget section */
		0E2938292BA288C900D5B398 /* 14.longestCommonPrefix */ = {
			isa = PBXNativeTarget;
			buildConfigurationList = 0E2938302BA288C900D5B398 /* Build configuration list for PBXNativeTarget "14.longestCommonPrefix" */;
			buildPhases = (
				0E2938262BA288C900D5B398 /* Sources */,
				0E2938272BA288C900D5B398 /* Frameworks */,
				0E2938282BA288C900D5B398 /* CopyFiles */,
			);
			buildRules = (
			);
			dependencies = (
			);
			name = 14.longestCommonPrefix;
			productName = 14.longestCommonPrefix;
			productReference = 0E29382A2BA288C900D5B398 /* 14.longestCommonPrefix */;
			productType = "com.apple.product-type.tool";
		};
		0E2938342BA3D92F00D5B398 /* 20.isValid */ = {
			isa = PBXNativeTarget;
			buildConfigurationList = 0E29383B2BA3D92F00D5B398 /* Build configuration list for PBXNativeTarget "20.isValid" */;
			buildPhases = (
				0E2938312BA3D92F00D5B398 /* Sources */,
				0E2938322BA3D92F00D5B398 /* Frameworks */,
				0E2938332BA3D92F00D5B398 /* CopyFiles */,
			);
			buildRules = (
			);
			dependencies = (
			);
			name = 20.isValid;
			productName = 20.isValid;
			productReference = 0E2938352BA3D92F00D5B398 /* 20.isValid */;
			productType = "com.apple.product-type.tool";
		};
		0E33BC102BA58ACC0019182F /* 21.mergeTwoLists */ = {
			isa = PBXNativeTarget;
			buildConfigurationList = 0E33BC172BA58ACC0019182F /* Build configuration list for PBXNativeTarget "21.mergeTwoLists" */;
			buildPhases = (
				0E33BC0D2BA58ACC0019182F /* Sources */,
				0E33BC0E2BA58ACC0019182F /* Frameworks */,
				0E33BC0F2BA58ACC0019182F /* CopyFiles */,
			);
			buildRules = (
			);
			dependencies = (
			);
			name = 21.mergeTwoLists;
			productName = 21.mergeTwoLists;
			productReference = 0E33BC112BA58ACC0019182F /* 21.mergeTwoLists */;
			productType = "com.apple.product-type.tool";
		};
		0E33BC1B2BA5CA1A0019182F /* 26.removeDuplicates */ = {
			isa = PBXNativeTarget;
			buildConfigurationList = 0E33BC202BA5CA1A0019182F /* Build configuration list for PBXNativeTarget "26.removeDuplicates" */;
			buildPhases = (
				0E33BC182BA5CA1A0019182F /* Sources */,
				0E33BC192BA5CA1A0019182F /* Frameworks */,
				0E33BC1A2BA5CA1A0019182F /* CopyFiles */,
			);
			buildRules = (
			);
			dependencies = (
			);
			name = 26.removeDuplicates;
			productName = 26.removeDuplicates;
			productReference = 0E33BC1C2BA5CA1A0019182F /* 26.removeDuplicates */;
			productType = "com.apple.product-type.tool";
		};
		0E33BC262BA6DDE20019182F /* 27.removeElement */ = {
			isa = PBXNativeTarget;
			buildConfigurationList = 0E33BC2B2BA6DDE20019182F /* Build configuration list for PBXNativeTarget "27.removeElement" */;
			buildPhases = (
				0E33BC232BA6DDE20019182F /* Sources */,
				0E33BC242BA6DDE20019182F /* Frameworks */,
				0E33BC252BA6DDE20019182F /* CopyFiles */,
			);
			buildRules = (
			);
			dependencies = (
			);
			name = 27.removeElement;
			productName = 27.removeElement;
			productReference = 0E33BC272BA6DDE20019182F /* 27.removeElement */;
			productType = "com.apple.product-type.tool";
		};
		0EEF607D2B9AAA7F003D9377 /* leetcode */ = {
			isa = PBXNativeTarget;
			buildConfigurationList = 0EEF60852B9AAA7F003D9377 /* Build configuration list for PBXNativeTarget "leetcode" */;
			buildPhases = (
				0EEF607A2B9AAA7F003D9377 /* Sources */,
				0EEF607B2B9AAA7F003D9377 /* Frameworks */,
				0EEF607C2B9AAA7F003D9377 /* CopyFiles */,
			);
			buildRules = (
			);
			dependencies = (
			);
			name = leetcode;
			productName = leetcode;
			productReference = 0EEF607E2B9AAA7F003D9377 /* leetcode */;
			productType = "com.apple.product-type.tool";
		};
		0EEF60902BA1C969003D9377 /* test */ = {
			isa = PBXNativeTarget;
			buildConfigurationList = 0EEF60952BA1C969003D9377 /* Build configuration list for PBXNativeTarget "test" */;
			buildPhases = (
				0EEF608D2BA1C969003D9377 /* Sources */,
				0EEF608E2BA1C969003D9377 /* Frameworks */,
				0EEF608F2BA1C969003D9377 /* CopyFiles */,
			);
			buildRules = (
			);
			dependencies = (
			);
			name = test;
			productName = test;
			productReference = 0EEF60912BA1C969003D9377 /* test */;
			productType = "com.apple.product-type.tool";
		};
/* End PBXNativeTarget section */

/* Begin PBXProject section */
		0EEF60762B9AAA7F003D9377 /* Project object */ = {
			isa = PBXProject;
			attributes = {
				BuildIndependentTargetsInParallel = 1;
				LastUpgradeCheck = 1530;
				TargetAttributes = {
					0E2938292BA288C900D5B398 = {
						CreatedOnToolsVersion = 15.3;
					};
					0E2938342BA3D92F00D5B398 = {
						CreatedOnToolsVersion = 15.3;
					};
					0E33BC102BA58ACC0019182F = {
						CreatedOnToolsVersion = 15.3;
					};
					0E33BC1B2BA5CA1A0019182F = {
						CreatedOnToolsVersion = 15.3;
					};
					0E33BC262BA6DDE20019182F = {
						CreatedOnToolsVersion = 15.3;
					};
					0EEF607D2B9AAA7F003D9377 = {
						CreatedOnToolsVersion = 15.2;
					};
					0EEF60902BA1C969003D9377 = {
						CreatedOnToolsVersion = 15.2;
					};
				};
			};
			buildConfigurationList = 0EEF60792B9AAA7F003D9377 /* Build configuration list for PBXProject "leetcode" */;
			compatibilityVersion = "Xcode 14.0";
			developmentRegion = en;
			hasScannedForEncodings = 0;
			knownRegions = (
				en,
				Base,
			);
			mainGroup = 0EEF60752B9AAA7F003D9377;
			productRefGroup = 0EEF607F2B9AAA7F003D9377 /* Products */;
			projectDirPath = "";
			projectRoot = "";
			targets = (
				0EEF607D2B9AAA7F003D9377 /* leetcode */,
				0EEF60902BA1C969003D9377 /* test */,
				0E2938292BA288C900D5B398 /* 14.longestCommonPrefix */,
				0E2938342BA3D92F00D5B398 /* 20.isValid */,
				0E33BC102BA58ACC0019182F /* 21.mergeTwoLists */,
				0E33BC1B2BA5CA1A0019182F /* 26.removeDuplicates */,
				0E33BC262BA6DDE20019182F /* 27.removeElement */,
			);
		};
/* End PBXProject section */

/* Begin PBXSourcesBuildPhase section */
		0E2938262BA288C900D5B398 /* Sources */ = {
			isa = PBXSourcesBuildPhase;
			buildActionMask = 2147483647;
			files = (
				0E29382D2BA288C900D5B398 /* main.cpp in Sources */,
			);
			runOnlyForDeploymentPostprocessing = 0;
		};
		0E2938312BA3D92F00D5B398 /* Sources */ = {
			isa = PBXSourcesBuildPhase;
			buildActionMask = 2147483647;
			files = (
				0E2938382BA3D92F00D5B398 /* main.cpp in Sources */,
			);
			runOnlyForDeploymentPostprocessing = 0;
		};
		0E33BC0D2BA58ACC0019182F /* Sources */ = {
			isa = PBXSourcesBuildPhase;
			buildActionMask = 2147483647;
			files = (
				0E33BC142BA58ACC0019182F /* main.cpp in Sources */,
			);
			runOnlyForDeploymentPostprocessing = 0;
		};
		0E33BC182BA5CA1A0019182F /* Sources */ = {
			isa = PBXSourcesBuildPhase;
			buildActionMask = 2147483647;
			files = (
				0E33BC1F2BA5CA1A0019182F /* main.cpp in Sources */,
			);
			runOnlyForDeploymentPostprocessing = 0;
		};
		0E33BC232BA6DDE20019182F /* Sources */ = {
			isa = PBXSourcesBuildPhase;
			buildActionMask = 2147483647;
			files = (
				0E33BC2A2BA6DDE20019182F /* main.cpp in Sources */,
			);
			runOnlyForDeploymentPostprocessing = 0;
		};
		0EEF607A2B9AAA7F003D9377 /* Sources */ = {
			isa = PBXSourcesBuildPhase;
			buildActionMask = 2147483647;
			files = (
				0EEF60822B9AAA7F003D9377 /* main.cpp in Sources */,
			);
			runOnlyForDeploymentPostprocessing = 0;
		};
		0EEF608D2BA1C969003D9377 /* Sources */ = {
			isa = PBXSourcesBuildPhase;
			buildActionMask = 2147483647;
			files = (
				0EEF60942BA1C969003D9377 /* main.cpp in Sources */,
			);
			runOnlyForDeploymentPostprocessing = 0;
		};
/* End PBXSourcesBuildPhase section */

/* Begin XCBuildConfiguration section */
		0E29382E2BA288C900D5B398 /* Debug */ = {
			isa = XCBuildConfiguration;
			buildSettings = {
				CODE_SIGN_STYLE = Automatic;
				DEAD_CODE_STRIPPING = YES;
				DEVELOPMENT_TEAM = 746SC78588;
				ENABLE_HARDENED_RUNTIME = YES;
				MACOSX_DEPLOYMENT_TARGET = 14.3;
				PRODUCT_NAME = "$(TARGET_NAME)";
			};
			name = Debug;
		};
		0E29382F2BA288C900D5B398 /* Release */ = {
			isa = XCBuildConfiguration;
			buildSettings = {
				CODE_SIGN_STYLE = Automatic;
				DEAD_CODE_STRIPPING = YES;
				DEVELOPMENT_TEAM = 746SC78588;
				ENABLE_HARDENED_RUNTIME = YES;
				MACOSX_DEPLOYMENT_TARGET = 14.3;
				PRODUCT_NAME = "$(TARGET_NAME)";
			};
			name = Release;
		};
		0E2938392BA3D92F00D5B398 /* Debug */ = {
			isa = XCBuildConfiguration;
			buildSettings = {
				CODE_SIGN_STYLE = Automatic;
				DEVELOPMENT_TEAM = 746SC78588;
				ENABLE_HARDENED_RUNTIME = YES;
				MACOSX_DEPLOYMENT_TARGET = 14.3;
				PRODUCT_NAME = "$(TARGET_NAME)";
			};
			name = Debug;
		};
		0E29383A2BA3D92F00D5B398 /* Release */ = {
			isa = XCBuildConfiguration;
			buildSettings = {
				CODE_SIGN_STYLE = Automatic;
				DEVELOPMENT_TEAM = 746SC78588;
				ENABLE_HARDENED_RUNTIME = YES;
				MACOSX_DEPLOYMENT_TARGET = 14.3;
				PRODUCT_NAME = "$(TARGET_NAME)";
			};
			name = Release;
		};
		0E33BC152BA58ACC0019182F /* Debug */ = {
			isa = XCBuildConfiguration;
			buildSettings = {
				CODE_SIGN_STYLE = Automatic;
				DEVELOPMENT_TEAM = 746SC78588;
				ENABLE_HARDENED_RUNTIME = YES;
				MACOSX_DEPLOYMENT_TARGET = 14.3;
				PRODUCT_NAME = "$(TARGET_NAME)";
			};
			name = Debug;
		};
		0E33BC162BA58ACC0019182F /* Release */ = {
			isa = XCBuildConfiguration;
			buildSettings = {
				CODE_SIGN_STYLE = Automatic;
				DEVELOPMENT_TEAM = 746SC78588;
				ENABLE_HARDENED_RUNTIME = YES;
				MACOSX_DEPLOYMENT_TARGET = 14.3;
				PRODUCT_NAME = "$(TARGET_NAME)";
			};
			name = Release;
		};
		0E33BC212BA5CA1A0019182F /* Debug */ = {
			isa = XCBuildConfiguration;
			buildSettings = {
				CODE_SIGN_STYLE = Automatic;
				DEVELOPMENT_TEAM = 746SC78588;
				ENABLE_HARDENED_RUNTIME = YES;
				MACOSX_DEPLOYMENT_TARGET = 14.3;
				PRODUCT_NAME = "$(TARGET_NAME)";
			};
			name = Debug;
		};
		0E33BC222BA5CA1A0019182F /* Release */ = {
			isa = XCBuildConfiguration;
			buildSettings = {
				CODE_SIGN_STYLE = Automatic;
				DEVELOPMENT_TEAM = 746SC78588;
				ENABLE_HARDENED_RUNTIME = YES;
				MACOSX_DEPLOYMENT_TARGET = 14.3;
				PRODUCT_NAME = "$(TARGET_NAME)";
			};
			name = Release;
		};
		0E33BC2C2BA6DDE20019182F /* Debug */ = {
			isa = XCBuildConfiguration;
			buildSettings = {
				CODE_SIGN_STYLE = Automatic;
				DEVELOPMENT_TEAM = 746SC78588;
				ENABLE_HARDENED_RUNTIME = YES;
				MACOSX_DEPLOYMENT_TARGET = 14.3;
				PRODUCT_NAME = "$(TARGET_NAME)";
			};
			name = Debug;
		};
		0E33BC2D2BA6DDE20019182F /* Release */ = {
			isa = XCBuildConfiguration;
			buildSettings = {
				CODE_SIGN_STYLE = Automatic;
				DEVELOPMENT_TEAM = 746SC78588;
				ENABLE_HARDENED_RUNTIME = YES;
				MACOSX_DEPLOYMENT_TARGET = 14.3;
				PRODUCT_NAME = "$(TARGET_NAME)";
			};
			name = Release;
		};
		0EEF60832B9AAA7F003D9377 /* Debug */ = {
			isa = XCBuildConfiguration;
			buildSettings = {
				ALWAYS_SEARCH_USER_PATHS = NO;
				ASSETCATALOG_COMPILER_GENERATE_SWIFT_ASSET_SYMBOL_EXTENSIONS = YES;
				CLANG_ANALYZER_NONNULL = YES;
				CLANG_ANALYZER_NUMBER_OBJECT_CONVERSION = YES_AGGRESSIVE;
				CLANG_CXX_LANGUAGE_STANDARD = "gnu++20";
				CLANG_ENABLE_MODULES = YES;
				CLANG_ENABLE_OBJC_ARC = YES;
				CLANG_ENABLE_OBJC_WEAK = YES;
				CLANG_WARN_BLOCK_CAPTURE_AUTORELEASING = YES;
				CLANG_WARN_BOOL_CONVERSION = YES;
				CLANG_WARN_COMMA = YES;
				CLANG_WARN_CONSTANT_CONVERSION = YES;
				CLANG_WARN_DEPRECATED_OBJC_IMPLEMENTATIONS = YES;
				CLANG_WARN_DIRECT_OBJC_ISA_USAGE = YES_ERROR;
				CLANG_WARN_DOCUMENTATION_COMMENTS = YES;
				CLANG_WARN_EMPTY_BODY = YES;
				CLANG_WARN_ENUM_CONVERSION = YES;
				CLANG_WARN_INFINITE_RECURSION = YES;
				CLANG_WARN_INT_CONVERSION = YES;
				CLANG_WARN_NON_LITERAL_NULL_CONVERSION = YES;
				CLANG_WARN_OBJC_IMPLICIT_RETAIN_SELF = YES;
				CLANG_WARN_OBJC_LITERAL_CONVERSION = YES;
				CLANG_WARN_OBJC_ROOT_CLASS = YES_ERROR;
				CLANG_WARN_QUOTED_INCLUDE_IN_FRAMEWORK_HEADER = YES;
				CLANG_WARN_RANGE_LOOP_ANALYSIS = YES;
				CLANG_WARN_STRICT_PROTOTYPES = YES;
				CLANG_WARN_SUSPICIOUS_MOVE = YES;
				CLANG_WARN_UNGUARDED_AVAILABILITY = YES_AGGRESSIVE;
				CLANG_WARN_UNREACHABLE_CODE = YES;
				CLANG_WARN__DUPLICATE_METHOD_MATCH = YES;
				COPY_PHASE_STRIP = NO;
				DEAD_CODE_STRIPPING = YES;
				DEBUG_INFORMATION_FORMAT = dwarf;
				ENABLE_STRICT_OBJC_MSGSEND = YES;
				ENABLE_TESTABILITY = YES;
				ENABLE_USER_SCRIPT_SANDBOXING = YES;
				GCC_C_LANGUAGE_STANDARD = gnu17;
				GCC_DYNAMIC_NO_PIC = NO;
				GCC_NO_COMMON_BLOCKS = YES;
				GCC_OPTIMIZATION_LEVEL = 0;
				GCC_PREPROCESSOR_DEFINITIONS = (
					"DEBUG=1",
					"$(inherited)",
				);
				GCC_WARN_64_TO_32_BIT_CONVERSION = YES;
				GCC_WARN_ABOUT_RETURN_TYPE = YES_ERROR;
				GCC_WARN_UNDECLARED_SELECTOR = YES;
				GCC_WARN_UNINITIALIZED_AUTOS = YES_AGGRESSIVE;
				GCC_WARN_UNUSED_FUNCTION = YES;
				GCC_WARN_UNUSED_VARIABLE = YES;
				LOCALIZATION_PREFERS_STRING_CATALOGS = YES;
				MACOSX_DEPLOYMENT_TARGET = 14.2;
				MTL_ENABLE_DEBUG_INFO = INCLUDE_SOURCE;
				MTL_FAST_MATH = YES;
				ONLY_ACTIVE_ARCH = YES;
				SDKROOT = macosx;
			};
			name = Debug;
		};
		0EEF60842B9AAA7F003D9377 /* Release */ = {
			isa = XCBuildConfiguration;
			buildSettings = {
				ALWAYS_SEARCH_USER_PATHS = NO;
				ASSETCATALOG_COMPILER_GENERATE_SWIFT_ASSET_SYMBOL_EXTENSIONS = YES;
				CLANG_ANALYZER_NONNULL = YES;
				CLANG_ANALYZER_NUMBER_OBJECT_CONVERSION = YES_AGGRESSIVE;
				CLANG_CXX_LANGUAGE_STANDARD = "gnu++20";
				CLANG_ENABLE_MODULES = YES;
				CLANG_ENABLE_OBJC_ARC = YES;
				CLANG_ENABLE_OBJC_WEAK = YES;
				CLANG_WARN_BLOCK_CAPTURE_AUTORELEASING = YES;
				CLANG_WARN_BOOL_CONVERSION = YES;
				CLANG_WARN_COMMA = YES;
				CLANG_WARN_CONSTANT_CONVERSION = YES;
				CLANG_WARN_DEPRECATED_OBJC_IMPLEMENTATIONS = YES;
				CLANG_WARN_DIRECT_OBJC_ISA_USAGE = YES_ERROR;
				CLANG_WARN_DOCUMENTATION_COMMENTS = YES;
				CLANG_WARN_EMPTY_BODY = YES;
				CLANG_WARN_ENUM_CONVERSION = YES;
				CLANG_WARN_INFINITE_RECURSION = YES;
				CLANG_WARN_INT_CONVERSION = YES;
				CLANG_WARN_NON_LITERAL_NULL_CONVERSION = YES;
				CLANG_WARN_OBJC_IMPLICIT_RETAIN_SELF = YES;
				CLANG_WARN_OBJC_LITERAL_CONVERSION = YES;
				CLANG_WARN_OBJC_ROOT_CLASS = YES_ERROR;
				CLANG_WARN_QUOTED_INCLUDE_IN_FRAMEWORK_HEADER = YES;
				CLANG_WARN_RANGE_LOOP_ANALYSIS = YES;
				CLANG_WARN_STRICT_PROTOTYPES = YES;
				CLANG_WARN_SUSPICIOUS_MOVE = YES;
				CLANG_WARN_UNGUARDED_AVAILABILITY = YES_AGGRESSIVE;
				CLANG_WARN_UNREACHABLE_CODE = YES;
				CLANG_WARN__DUPLICATE_METHOD_MATCH = YES;
				COPY_PHASE_STRIP = NO;
				DEAD_CODE_STRIPPING = YES;
				DEBUG_INFORMATION_FORMAT = "dwarf-with-dsym";
				ENABLE_NS_ASSERTIONS = NO;
				ENABLE_STRICT_OBJC_MSGSEND = YES;
				ENABLE_USER_SCRIPT_SANDBOXING = YES;
				GCC_C_LANGUAGE_STANDARD = gnu17;
				GCC_NO_COMMON_BLOCKS = YES;
				GCC_WARN_64_TO_32_BIT_CONVERSION = YES;
				GCC_WARN_ABOUT_RETURN_TYPE = YES_ERROR;
				GCC_WARN_UNDECLARED_SELECTOR = YES;
				GCC_WARN_UNINITIALIZED_AUTOS = YES_AGGRESSIVE;
				GCC_WARN_UNUSED_FUNCTION = YES;
				GCC_WARN_UNUSED_VARIABLE = YES;
				LOCALIZATION_PREFERS_STRING_CATALOGS = YES;
				MACOSX_DEPLOYMENT_TARGET = 14.2;
				MTL_ENABLE_DEBUG_INFO = NO;
				MTL_FAST_MATH = YES;
				SDKROOT = macosx;
			};
			name = Release;
		};
		0EEF60862B9AAA7F003D9377 /* Debug */ = {
			isa = XCBuildConfiguration;
			buildSettings = {
				CODE_SIGN_STYLE = Automatic;
				DEAD_CODE_STRIPPING = YES;
				DEVELOPMENT_TEAM = 746SC78588;
				ENABLE_HARDENED_RUNTIME = YES;
				PRODUCT_NAME = "$(TARGET_NAME)";
			};
			name = Debug;
		};
		0EEF60872B9AAA7F003D9377 /* Release */ = {
			isa = XCBuildConfiguration;
			buildSettings = {
				CODE_SIGN_STYLE = Automatic;
				DEAD_CODE_STRIPPING = YES;
				DEVELOPMENT_TEAM = 746SC78588;
				ENABLE_HARDENED_RUNTIME = YES;
				PRODUCT_NAME = "$(TARGET_NAME)";
			};
			name = Release;
		};
		0EEF60962BA1C969003D9377 /* Debug */ = {
			isa = XCBuildConfiguration;
			buildSettings = {
				CODE_SIGN_STYLE = Automatic;
				DEAD_CODE_STRIPPING = YES;
				DEVELOPMENT_TEAM = 746SC78588;
				ENABLE_HARDENED_RUNTIME = YES;
				PRODUCT_NAME = "$(TARGET_NAME)";
			};
			name = Debug;
		};
		0EEF60972BA1C969003D9377 /* Release */ = {
			isa = XCBuildConfiguration;
			buildSettings = {
				CODE_SIGN_STYLE = Automatic;
				DEAD_CODE_STRIPPING = YES;
				DEVELOPMENT_TEAM = 746SC78588;
				ENABLE_HARDENED_RUNTIME = YES;
				PRODUCT_NAME = "$(TARGET_NAME)";
			};
			name = Release;
		};
/* End XCBuildConfiguration section */

/* Begin XCConfigurationList section */
		0E2938302BA288C900D5B398 /* Build configuration list for PBXNativeTarget "14.longestCommonPrefix" */ = {
			isa = XCConfigurationList;
			buildConfigurations = (
				0E29382E2BA288C900D5B398 /* Debug */,
				0E29382F2BA288C900D5B398 /* Release */,
			);
			defaultConfigurationIsVisible = 0;
			defaultConfigurationName = Release;
		};
		0E29383B2BA3D92F00D5B398 /* Build configuration list for PBXNativeTarget "20.isValid" */ = {
			isa = XCConfigurationList;
			buildConfigurations = (
				0E2938392BA3D92F00D5B398 /* Debug */,
				0E29383A2BA3D92F00D5B398 /* Release */,
			);
			defaultConfigurationIsVisible = 0;
			defaultConfigurationName = Release;
		};
		0E33BC172BA58ACC0019182F /* Build configuration list for PBXNativeTarget "21.mergeTwoLists" */ = {
			isa = XCConfigurationList;
			buildConfigurations = (
				0E33BC152BA58ACC0019182F /* Debug */,
				0E33BC162BA58ACC0019182F /* Release */,
			);
			defaultConfigurationIsVisible = 0;
			defaultConfigurationName = Release;
		};
		0E33BC202BA5CA1A0019182F /* Build configuration list for PBXNativeTarget "26.removeDuplicates" */ = {
			isa = XCConfigurationList;
			buildConfigurations = (
				0E33BC212BA5CA1A0019182F /* Debug */,
				0E33BC222BA5CA1A0019182F /* Release */,
			);
			defaultConfigurationIsVisible = 0;
			defaultConfigurationName = Release;
		};
		0E33BC2B2BA6DDE20019182F /* Build configuration list for PBXNativeTarget "27.removeElement" */ = {
			isa = XCConfigurationList;
			buildConfigurations = (
				0E33BC2C2BA6DDE20019182F /* Debug */,
				0E33BC2D2BA6DDE20019182F /* Release */,
			);
			defaultConfigurationIsVisible = 0;
			defaultConfigurationName = Release;
		};
		0EEF60792B9AAA7F003D9377 /* Build configuration list for PBXProject "leetcode" */ = {
			isa = XCConfigurationList;
			buildConfigurations = (
				0EEF60832B9AAA7F003D9377 /* Debug */,
				0EEF60842B9AAA7F003D9377 /* Release */,
			);
			defaultConfigurationIsVisible = 0;
			defaultConfigurationName = Release;
		};
		0EEF60852B9AAA7F003D9377 /* Build configuration list for PBXNativeTarget "leetcode" */ = {
			isa = XCConfigurationList;
			buildConfigurations = (
				0EEF60862B9AAA7F003D9377 /* Debug */,
				0EEF60872B9AAA7F003D9377 /* Release */,
			);
			defaultConfigurationIsVisible = 0;
			defaultConfigurationName = Release;
		};
		0EEF60952BA1C969003D9377 /* Build configuration list for PBXNativeTarget "test" */ = {
			isa = XCConfigurationList;
			buildConfigurations = (
				0EEF60962BA1C969003D9377 /* Debug */,
				0EEF60972BA1C969003D9377 /* Release */,
			);
			defaultConfigurationIsVisible = 0;
			defaultConfigurationName = Release;
		};
/* End XCConfigurationList section */
	};
	rootObject = 0EEF60762B9AAA7F003D9377 /* Project object */;
}
